// !$*UTF8*$!
{
	archiveVersion = 1;
	classes = {
	};
	objectVersion = 46;
	objects = {

/* Begin PBXBuildFile section */
		18705F501A0CB14F00FB5FFA /* main.m in Sources */ = {isa = PBXBuildFile; fileRef = 18705F4F1A0CB14F00FB5FFA /* main.m */; };
		18705F531A0CB14F00FB5FFA /* AppDelegate.m in Sources */ = {isa = PBXBuildFile; fileRef = 18705F521A0CB14F00FB5FFA /* AppDelegate.m */; };
		18705F561A0CB14F00FB5FFA /* ViewController.m in Sources */ = {isa = PBXBuildFile; fileRef = 18705F551A0CB14F00FB5FFA /* ViewController.m */; };
		18705F591A0CB14F00FB5FFA /* Main.storyboard in Resources */ = {isa = PBXBuildFile; fileRef = 18705F571A0CB14F00FB5FFA /* Main.storyboard */; };
		18705F5B1A0CB14F00FB5FFA /* Images.xcassets in Resources */ = {isa = PBXBuildFile; fileRef = 18705F5A1A0CB14F00FB5FFA /* Images.xcassets */; };
		18705F5E1A0CB14F00FB5FFA /* LaunchScreen.xib in Resources */ = {isa = PBXBuildFile; fileRef = 18705F5C1A0CB14F00FB5FFA /* LaunchScreen.xib */; };
		18705F6A1A0CB14F00FB5FFA /* CaculateDateTests.m in Sources */ = {isa = PBXBuildFile; fileRef = 18705F691A0CB14F00FB5FFA /* CaculateDateTests.m */; };
		18705F751A0CB1A000FB5FFA /* CalcuDate.m in Sources */ = {isa = PBXBuildFile; fileRef = 18705F741A0CB1A000FB5FFA /* CalcuDate.m */; };
/* End PBXBuildFile section */

/* Begin PBXContainerItemProxy section */
		18705F641A0CB14F00FB5FFA /* PBXContainerItemProxy */ = {
			isa = PBXContainerItemProxy;
			containerPortal = 18705F421A0CB14F00FB5FFA /* Project object */;
			proxyType = 1;
			remoteGlobalIDString = 18705F491A0CB14F00FB5FFA;
			remoteInfo = CaculateDate;
		};
/* End PBXContainerItemProxy section */

/* Begin PBXFileReference section */
		18705F4A1A0CB14F00FB5FFA /* CaculateDate.app */ = {isa = PBXFileReference; explicitFileType = wrapper.application; includeInIndex = 0; path = CaculateDate.app; sourceTree = BUILT_PRODUCTS_DIR; };
		18705F4E1A0CB14F00FB5FFA /* Info.plist */ = {isa = PBXFileReference; lastKnownFileType = text.plist.xml; path = Info.plist; sourceTree = "<group>"; };
		18705F4F1A0CB14F00FB5FFA /* main.m */ = {isa = PBXFileReference; lastKnownFileType = sourcecode.c.objc; path = main.m; sourceTree = "<group>"; };
		18705F511A0CB14F00FB5FFA /* AppDelegate.h */ = {isa = PBXFileReference; lastKnownFileType = sourcecode.c.h; path = AppDelegate.h; sourceTree = "<group>"; };
		18705F521A0CB14F00FB5FFA /* AppDelegate.m */ = {isa = PBXFileReference; lastKnownFileType = sourcecode.c.objc; path = AppDelegate.m; sourceTree = "<group>"; };
		18705F541A0CB14F00FB5FFA /* ViewController.h */ = {isa = PBXFileReference; lastKnownFileType = sourcecode.c.h; path = ViewController.h; sourceTree = "<group>"; };
		18705F551A0CB14F00FB5FFA /* ViewController.m */ = {isa = PBXFileReference; lastKnownFileType = sourcecode.c.objc; path = ViewController.m; sourceTree = "<group>"; };
		18705F581A0CB14F00FB5FFA /* Base */ = {isa = PBXFileReference; lastKnownFileType = file.storyboard; name = Base; path = Base.lproj/Main.storyboard; sourceTree = "<group>"; };
		18705F5A1A0CB14F00FB5FFA /* Images.xcassets */ = {isa = PBXFileReference; lastKnownFileType = folder.assetcatalog; path = Images.xcassets; sourceTree = "<group>"; };
		18705F5D1A0CB14F00FB5FFA /* Base */ = {isa = PBXFileReference; lastKnownFileType = file.xib; name = Base; path = Base.lproj/LaunchScreen.xib; sourceTree = "<group>"; };
		18705F631A0CB14F00FB5FFA /* CaculateDateTests.xctest */ = {isa = PBXFileReference; explicitFileType = wrapper.cfbundle; includeInIndex = 0; path = CaculateDateTests.xctest; sourceTree = BUILT_PRODUCTS_DIR; };
		18705F681A0CB14F00FB5FFA /* Info.plist */ = {isa = PBXFileReference; lastKnownFileType = text.plist.xml; path = Info.plist; sourceTree = "<group>"; };
		18705F691A0CB14F00FB5FFA /* CaculateDateTests.m */ = {isa = PBXFileReference; lastKnownFileType = sourcecode.c.objc; path = CaculateDateTests.m; sourceTree = "<group>"; };
		18705F731A0CB1A000FB5FFA /* CalcuDate.h */ = {isa = PBXFileReference; fileEncoding = 4; lastKnownFileType = sourcecode.c.h; path = CalcuDate.h; sourceTree = "<group>"; };
		18705F741A0CB1A000FB5FFA /* CalcuDate.m */ = {isa = PBXFileReference; fileEncoding = 4; lastKnownFileType = sourcecode.c.objc; path = CalcuDate.m; sourceTree = "<group>"; };
/* End PBXFileReference section */

/* Begin PBXFrameworksBuildPhase section */
		18705F471A0CB14F00FB5FFA /* Frameworks */ = {
			isa = PBXFrameworksBuildPhase;
			buildActionMask = 2147483647;
			files = (
			);
			runOnlyForDeploymentPostprocessing = 0;
		};
		18705F601A0CB14F00FB5FFA /* Frameworks */ = {
			isa = PBXFrameworksBuildPhase;
			buildActionMask = 2147483647;
			files = (
			);
			runOnlyForDeploymentPostprocessing = 0;
		};
/* End PBXFrameworksBuildPhase section */

/* Begin PBXGroup section */
		18705F411A0CB14F00FB5FFA = {
			isa = PBXGroup;
			children = (
				18705F4C1A0CB14F00FB5FFA /* CaculateDate */,
				18705F661A0CB14F00FB5FFA /* CaculateDateTests */,
				18705F4B1A0CB14F00FB5FFA /* Products */,
			);
			sourceTree = "<group>";
		};
		18705F4B1A0CB14F00FB5FFA /* Products */ = {
			isa = PBXGroup;
			children = (
				18705F4A1A0CB14F00FB5FFA /* CaculateDate.app */,
				18705F631A0CB14F00FB5FFA /* CaculateDateTests.xctest */,
			);
			name = Products;
			sourceTree = "<group>";
		};
		18705F4C1A0CB14F00FB5FFA /* CaculateDate */ = {
			isa = PBXGroup;
			children = (
				18705F511A0CB14F00FB5FFA /* AppDelegate.h */,
				18705F521A0CB14F00FB5FFA /* AppDelegate.m */,
				18705F541A0CB14F00FB5FFA /* ViewController.h */,
				18705F551A0CB14F00FB5FFA /* ViewController.m */,
				18705F731A0CB1A000FB5FFA /* CalcuDate.h */,
				18705F741A0CB1A000FB5FFA /* CalcuDate.m */,
				18705F571A0CB14F00FB5FFA /* Main.storyboard */,
				18705F5A1A0CB14F00FB5FFA /* Images.xcassets */,
				18705F5C1A0CB14F00FB5FFA /* LaunchScreen.xib */,
				18705F4D1A0CB14F00FB5FFA /* Supporting Files */,
			);
			path = CaculateDate;
			sourceTree = "<group>";
		};
		18705F4D1A0CB14F00FB5FFA /* Supporting Files */ = {
			isa = PBXGroup;
			children = (
				18705F4E1A0CB14F00FB5FFA /* Info.plist */,
				18705F4F1A0CB14F00FB5FFA /* main.m */,
			);
			name = "Supporting Files";
			sourceTree = "<group>";
		};
		18705F661A0CB14F00FB5FFA /* CaculateDateTests */ = {
			isa = PBXGroup;
			children = (
				18705F691A0CB14F00FB5FFA /* CaculateDateTests.m */,
				18705F671A0CB14F00FB5FFA /* Supporting Files */,
			);
			path = CaculateDateTests;
			sourceTree = "<group>";
		};
		18705F671A0CB14F00FB5FFA /* Supporting Files */ = {
			isa = PBXGroup;
			children = (
				18705F681A0CB14F00FB5FFA /* Info.plist */,
			);
			name = "Supporting Files";
			sourceTree = "<group>";
		};
/* End PBXGroup section */

/* Begin PBXNativeTarget section */
		18705F491A0CB14F00FB5FFA /* CaculateDate */ = {
			isa = PBXNativeTarget;
			buildConfigurationList = 18705F6D1A0CB14F00FB5FFA /* Build configuration list for PBXNativeTarget "CaculateDate" */;
			buildPhases = (
				18705F461A0CB14F00FB5FFA /* Sources */,
				18705F471A0CB14F00FB5FFA /* Frameworks */,
				18705F481A0CB14F00FB5FFA /* Resources */,
			);
			buildRules = (
			);
			dependencies = (
			);
			name = CaculateDate;
			productName = CaculateDate;
			productReference = 18705F4A1A0CB14F00FB5FFA /* CaculateDate.app */;
			productType = "com.apple.product-type.application";
		};
		18705F621A0CB14F00FB5FFA /* CaculateDateTests */ = {
			isa = PBXNativeTarget;
			buildConfigurationList = 18705F701A0CB14F00FB5FFA /* Build configuration list for PBXNativeTarget "CaculateDateTests" */;
			buildPhases = (
				18705F5F1A0CB14F00FB5FFA /* Sources */,
				18705F601A0CB14F00FB5FFA /* Frameworks */,
				18705F611A0CB14F00FB5FFA /* Resources */,
			);
			buildRules = (
			);
			dependencies = (
				18705F651A0CB14F00FB5FFA /* PBXTargetDependency */,
			);
			name = CaculateDateTests;
			productName = CaculateDateTests;
			productReference = 18705F631A0CB14F00FB5FFA /* CaculateDateTests.xctest */;
			productType = "com.apple.product-type.bundle.unit-test";
		};
/* End PBXNativeTarget section */

/* Begin PBXProject section */
		18705F421A0CB14F00FB5FFA /* Project object */ = {
			isa = PBXProject;
			attributes = {
				LastUpgradeCheck = 0610;
				ORGANIZATIONNAME = Apple;
				TargetAttributes = {
					18705F491A0CB14F00FB5FFA = {
						CreatedOnToolsVersion = 6.1;
					};
					18705F621A0CB14F00FB5FFA = {
						CreatedOnToolsVersion = 6.1;
						TestTargetID = 18705F491A0CB14F00FB5FFA;
					};
				};
			};
			buildConfigurationList = 18705F451A0CB14F00FB5FFA /* Build configuration list for PBXProject "CaculateDate" */;
			compatibilityVersion = "Xcode 3.2";
			developmentRegion = English;
			hasScannedForEncodings = 0;
			knownRegions = (
				en,
				Base,
			);
			mainGroup = 18705F411A0CB14F00FB5FFA;
			productRefGroup = 18705F4B1A0CB14F00FB5FFA /* Products */;
			projectDirPath = "";
			projectRoot = "";
			targets = (
				18705F491A0CB14F00FB5FFA /* CaculateDate */,
				18705F621A0CB14F00FB5FFA /* CaculateDateTests */,
			);
		};
/* End PBXProject section */

/* Begin PBXResourcesBuildPhase section */
		18705F481A0CB14F00FB5FFA /* Resources */ = {
			isa = PBXResourcesBuildPhase;
			buildActionMask = 2147483647;
			files = (
				18705F591A0CB14F00FB5FFA /* Main.storyboard in Resources */,
				18705F5E1A0CB14F00FB5FFA /* LaunchScreen.xib in Resources */,
				18705F5B1A0CB14F00FB5FFA /* Images.xcassets in Resources */,
			);
			runOnlyForDeploymentPostprocessing = 0;
		};
		18705F611A0CB14F00FB5FFA /* Resources */ = {
			isa = PBXResourcesBuildPhase;
			buildActionMask = 2147483647;
			files = (
			);
			runOnlyForDeploymentPostprocessing = 0;
		};
/* End PBXResourcesBuildPhase section */

/* Begin PBXSourcesBuildPhase section */
		18705F461A0CB14F00FB5FFA /* Sources */ = {
			isa = PBXSourcesBuildPhase;
			buildActionMask = 2147483647;
			files = (
				18705F751A0CB1A000FB5FFA /* CalcuDate.m in Sources */,
				18705F561A0CB14F00FB5FFA /* ViewController.m in Sources */,
				18705F531A0CB14F00FB5FFA /* AppDelegate.m in Sources */,
				18705F501A0CB14F00FB5FFA /* main.m in Sources */,
			);
			runOnlyForDeploymentPostprocessing = 0;
		};
		18705F5F1A0CB14F00FB5FFA /* Sources */ = {
			isa = PBXSourcesBuildPhase;
			buildActionMask = 2147483647;
			files = (
				18705F6A1A0CB14F00FB5FFA /* CaculateDateTests.m in Sources */,
			);
			runOnlyForDeploymentPostprocessing = 0;
		};
/* End PBXSourcesBuildPhase section */

/* Begin PBXTargetDependency section */
		18705F651A0CB14F00FB5FFA /* PBXTargetDependency */ = {
			isa = PBXTargetDependency;
			target = 18705F491A0CB14F00FB5FFA /* CaculateDate */;
			targetProxy = 18705F641A0CB14F00FB5FFA /* PBXContainerItemProxy */;
		};
/* End PBXTargetDependency section */

/* Begin PBXVariantGroup section */
		18705F571A0CB14F00FB5FFA /* Main.storyboard */ = {
			isa = PBXVariantGroup;
			children = (
				18705F581A0CB14F00FB5FFA /* Base */,
			);
			name = Main.storyboard;
			sourceTree = "<group>";
		};
		18705F5C1A0CB14F00FB5FFA /* LaunchScreen.xib */ = {
			isa = PBXVariantGroup;
			children = (
				18705F5D1A0CB14F00FB5FFA /* Base */,
			);
			name = LaunchScreen.xib;
			sourceTree = "<group>";
		};
/* End PBXVariantGroup section */

/* Begin XCBuildConfiguration section */
		18705F6B1A0CB14F00FB5FFA /* Debug */ = {
			isa = XCBuildConfiguration;
			buildSettings = {
				ALWAYS_SEARCH_USER_PATHS = NO;
				CLANG_CXX_LANGUAGE_STANDARD = "gnu++0x";
				CLANG_CXX_LIBRARY = "libc++";
				CLANG_ENABLE_MODULES = YES;
				CLANG_ENABLE_OBJC_ARC = YES;
				CLANG_WARN_BOOL_CONVERSION = YES;
				CLANG_WARN_CONSTANT_CONVERSION = YES;
				CLANG_WARN_DIRECT_OBJC_ISA_USAGE = YES_ERROR;
				CLANG_WARN_EMPTY_BODY = YES;
				CLANG_WARN_ENUM_CONVERSION = YES;
				CLANG_WARN_INT_CONVERSION = YES;
				CLANG_WARN_OBJC_ROOT_CLASS = YES_ERROR;
				CLANG_WARN_UNREACHABLE_CODE = YES;
				CLANG_WARN__DUPLICATE_METHOD_MATCH = YES;
				"CODE_SIGN_IDENTITY[sdk=iphoneos*]" = "iPhone Developer";
				COPY_PHASE_STRIP = NO;
				ENABLE_STRICT_OBJC_MSGSEND = YES;
				GCC_C_LANGUAGE_STANDARD = gnu99;
				GCC_DYNAMIC_NO_PIC = NO;
				GCC_OPTIMIZATION_LEVEL = 0;
				GCC_PREPROCESSOR_DEFINITIONS = (
					"DEBUG=1",
					"$(inherited)",
				);
				GCC_SYMBOLS_PRIVATE_EXTERN = NO;
				GCC_WARN_64_TO_32_BIT_CONVERSION = YES;
				GCC_WARN_ABOUT_RETURN_TYPE = YES_ERROR;
				GCC_WARN_UNDECLARED_SELECTOR = YES;
				GCC_WARN_UNINITIALIZED_AUTOS = YES_AGGRESSIVE;
				GCC_WARN_UNUSED_FUNCTION = YES;
				GCC_WARN_UNUSED_VARIABLE = YES;
				IPHONEOS_DEPLOYMENT_TARGET = 8.1;
				MTL_ENABLE_DEBUG_INFO = YES;
				ONLY_ACTIVE_ARCH = YES;
				SDKROOT = iphoneos;
				TARGETED_DEVICE_FAMILY = "1,2";
			};
			name = Debug;
		};
		18705F6C1A0CB14F00FB5FFA /* Release */ = {
			isa = XCBuildConfiguration;
			buildSettings = {
				ALWAYS_SEARCH_USER_PATHS = NO;
				CLANG_CXX_LANGUAGE_STANDARD = "gnu++0x";
				CLANG_CXX_LIBRARY = "libc++";
				CLANG_ENABLE_MODULES = YES;
				CLANG_ENABLE_OBJC_ARC = YES;
				CLANG_WARN_BOOL_CONVERSION = YES;
				CLANG_WARN_CONSTANT_CONVERSION = YES;
				CLANG_WARN_DIRECT_OBJC_ISA_USAGE = YES_ERROR;
				CLANG_WARN_EMPTY_BODY = YES;
				CLANG_WARN_ENUM_CONVERSION = YES;
				CLANG_WARN_INT_CONVERSION = YES;
				CLANG_WARN_OBJC_ROOT_CLASS = YES_ERROR;
				CLANG_WARN_UNREACHABLE_CODE = YES;
				CLANG_WARN__DUPLICATE_METHOD_MATCH = YES;
				"CODE_SIGN_IDENTITY[sdk=iphoneos*]" = "iPhone Developer";
				COPY_PHASE_STRIP = YES;
				ENABLE_NS_ASSERTIONS = NO;
				ENABLE_STRICT_OBJC_MSGSEND = YES;
				GCC_C_LANGUAGE_STANDARD = gnu99;
				GCC_WARN_64_TO_32_BIT_CONVERSION = YES;
				GCC_WARN_ABOUT_RETURN_TYPE = YES_ERROR;
				GCC_WARN_UNDECLARED_SELECTOR = YES;
				GCC_WARN_UNINITIALIZED_AUTOS = YES_AGGRESSIVE;
				GCC_WARN_UNUSED_FUNCTION = YES;
				GCC_WARN_UNUSED_VARIABLE = YES;
				IPHONEOS_DEPLOYMENT_TARGET = 8.1;
				MTL_ENABLE_DEBUG_INFO = NO;
				SDKROOT = iphoneos;
				TARGETED_DEVICE_FAMILY = "1,2";
				VALIDATE_PRODUCT = YES;
			};
			name = Release;
		};
		18705F6E1A0CB14F00FB5FFA /* Debug */ = {
			isa = XCBuildConfiguration;
			buildSettings = {
				ASSETCATALOG_COMPILER_APPICON_NAME = AppIcon;
				INFOPLIST_FILE = CaculateDate/Info.plist;
				LD_RUNPATH_SEARCH_PATHS = "$(inherited) @executable_path/Frameworks";
				PRODUCT_NAME = "$(TARGET_NAME)";
			};
			name = Debug;
		};
		18705F6F1A0CB14F00FB5FFA /* Release */ = {
			isa = XCBuildConfiguration;
			buildSettings = {
				ASSETCATALOG_COMPILER_APPICON_NAME = AppIcon;
				INFOPLIST_FILE = CaculateDate/Info.plist;
				LD_RUNPATH_SEARCH_PATHS = "$(inherited) @executable_path/Frameworks";
				PRODUCT_NAME = "$(TARGET_NAME)";
			};
			name = Release;
		};
		18705F711A0CB14F00FB5FFA /* Debug */ = {
			isa = XCBuildConfiguration;
			buildSettings = {
				BUNDLE_LOADER = "$(TEST_HOST)";
				FRAMEWORK_SEARCH_PATHS = (
					"$(SDKROOT)/Developer/Library/Frameworks",
					"$(inherited)",
				);
				GCC_PREPROCESSOR_DEFINITIONS = (
					"DEBUG=1",
					"$(inherited)",
				);
				INFOPLIST_FILE = CaculateDateTests/Info.plist;
				LD_RUNPATH_SEARCH_PATHS = "$(inherited) @executable_path/Frameworks @loader_path/Frameworks";
				PRODUCT_NAME = "$(TARGET_NAME)";
				TEST_HOST = "$(BUILT_PRODUCTS_DIR)/CaculateDate.app/CaculateDate";
			};
			name = Debug;
		};
		18705F721A0CB14F00FB5FFA /* Release */ = {
			isa = XCBuildConfiguration;
			buildSettings = {
				BUNDLE_LOADER = "$(TEST_HOST)";
				FRAMEWORK_SEARCH_PATHS = (
					"$(SDKROOT)/Developer/Library/Frameworks",
					"$(inherited)",
				);
				INFOPLIST_FILE = CaculateDateTests/Info.plist;
				LD_RUNPATH_SEARCH_PATHS = "$(inherited) @executable_path/Frameworks @loader_path/Frameworks";
				PRODUCT_NAME = "$(TARGET_NAME)";
				TEST_HOST = "$(BUILT_PRODUCTS_DIR)/CaculateDate.app/CaculateDate";
			};
			name = Release;
		};
/* End XCBuildConfiguration section */

/* Begin XCConfigurationList section */
		18705F451A0CB14F00FB5FFA /* Build configuration list for PBXProject "CaculateDate" */ = {
			isa = XCConfigurationList;
			buildConfigurations = (
				18705F6B1A0CB14F00FB5FFA /* Debug */,
				18705F6C1A0CB14F00FB5FFA /* Release */,
			);
			defaultConfigurationIsVisible = 0;
			defaultConfigurationName = Release;
		};
		18705F6D1A0CB14F00FB5FFA /* Build configuration list for PBXNativeTarget "CaculateDate" */ = {
			isa = XCConfigurationList;
			buildConfigurations = (
				18705F6E1A0CB14F00FB5FFA /* Debug */,
				18705F6F1A0CB14F00FB5FFA /* Release */,
			);
			defaultConfigurationIsVisible = 0;
		};
		18705F701A0CB14F00FB5FFA /* Build configuration list for PBXNativeTarget "CaculateDateTests" */ = {
			isa = XCConfigurationList;
			buildConfigurations = (
				18705F711A0CB14F00FB5FFA /* Debug */,
				18705F721A0CB14F00FB5FFA /* Release */,
			);
			defaultConfigurationIsVisible = 0;
		};
/* End XCConfigurationList section */
	};
	rootObject = 18705F421A0CB14F00FB5FFA /* Project object */;
}
